// !$*UTF8*$!
{
	archiveVersion = 1;
	classes = {
	};
	objectVersion = 46;
	objects = {

/* Begin PBXBuildFile section */
		A47FDFD51DFEA838008406B4 /* AppDelegate.swift in Sources */ = {isa = PBXBuildFile; fileRef = A47FDFD41DFEA838008406B4 /* AppDelegate.swift */; };
		A47FDFD71DFEA838008406B4 /* ViewController.swift in Sources */ = {isa = PBXBuildFile; fileRef = A47FDFD61DFEA838008406B4 /* ViewController.swift */; };
		A47FDFDA1DFEA838008406B4 /* Main.storyboard in Resources */ = {isa = PBXBuildFile; fileRef = A47FDFD81DFEA838008406B4 /* Main.storyboard */; };
		A47FDFDC1DFEA838008406B4 /* Assets.xcassets in Resources */ = {isa = PBXBuildFile; fileRef = A47FDFDB1DFEA838008406B4 /* Assets.xcassets */; };
		A47FDFDF1DFEA838008406B4 /* LaunchScreen.storyboard in Resources */ = {isa = PBXBuildFile; fileRef = A47FDFDD1DFEA838008406B4 /* LaunchScreen.storyboard */; };
/* End PBXBuildFile section */

/* Begin PBXFileReference section */
		A47FDFD11DFEA838008406B4 /* RxSwift-Demo.app */ = {isa = PBXFileReference; explicitFileType = wrapper.application; includeInIndex = 0; path = "RxSwift-Demo.app"; sourceTree = BUILT_PRODUCTS_DIR; };
		A47FDFD41DFEA838008406B4 /* AppDelegate.swift */ = {isa = PBXFileReference; lastKnownFileType = sourcecode.swift; path = AppDelegate.swift; sourceTree = "<group>"; };
		A47FDFD61DFEA838008406B4 /* ViewController.swift */ = {isa = PBXFileReference; lastKnownFileType = sourcecode.swift; path = ViewController.swift; sourceTree = "<group>"; };
		A47FDFD91DFEA838008406B4 /* Base */ = {isa = PBXFileReference; lastKnownFileType = file.storyboard; name = Base; path = Base.lproj/Main.storyboard; sourceTree = "<group>"; };
		A47FDFDB1DFEA838008406B4 /* Assets.xcassets */ = {isa = PBXFileReference; lastKnownFileType = folder.assetcatalog; path = Assets.xcassets; sourceTree = "<group>"; };
		A47FDFDE1DFEA838008406B4 /* Base */ = {isa = PBXFileReference; lastKnownFileType = file.storyboard; name = Base; path = Base.lproj/LaunchScreen.storyboard; sourceTree = "<group>"; };
		A47FDFE01DFEA838008406B4 /* Info.plist */ = {isa = PBXFileReference; lastKnownFileType = text.plist.xml; path = Info.plist; sourceTree = "<group>"; };
/* End PBXFileReference section */

/* Begin PBXFrameworksBuildPhase section */
		A47FDFCE1DFEA838008406B4 /* Frameworks */ = {
			isa = PBXFrameworksBuildPhase;
			buildActionMask = 2147483647;
			files = (
			);
			runOnlyForDeploymentPostprocessing = 0;
		};
/* End PBXFrameworksBuildPhase section */

/* Begin PBXGroup section */
		A47FDFC81DFEA838008406B4 = {
			isa = PBXGroup;
			children = (
				A47FDFD31DFEA838008406B4 /* RxSwift-Demo */,
				A47FDFD21DFEA838008406B4 /* Products */,
			);
			sourceTree = "<group>";
		};
		A47FDFD21DFEA838008406B4 /* Products */ = {
			isa = PBXGroup;
			children = (
				A47FDFD11DFEA838008406B4 /* RxSwift-Demo.app */,
			);
			name = Products;
			sourceTree = "<group>";
		};
		A47FDFD31DFEA838008406B4 /* RxSwift-Demo */ = {
			isa = PBXGroup;
			children = (
				A47FDFD41DFEA838008406B4 /* AppDelegate.swift */,
				A47FDFD61DFEA838008406B4 /* ViewController.swift */,
				A47FDFD81DFEA838008406B4 /* Main.storyboard */,
				A47FDFDB1DFEA838008406B4 /* Assets.xcassets */,
				A47FDFDD1DFEA838008406B4 /* LaunchScreen.storyboard */,
				A47FDFE01DFEA838008406B4 /* Info.plist */,
			);
			path = "RxSwift-Demo";
			sourceTree = "<group>";
		};
/* End PBXGroup section */

/* Begin PBXNativeTarget section */
		A47FDFD01DFEA838008406B4 /* RxSwift-Demo */ = {
			isa = PBXNativeTarget;
			buildConfigurationList = A47FDFE31DFEA838008406B4 /* Build configuration list for PBXNativeTarget "RxSwift-Demo" */;
			buildPhases = (
				A47FDFCD1DFEA838008406B4 /* Sources */,
				A47FDFCE1DFEA838008406B4 /* Frameworks */,
				A47FDFCF1DFEA838008406B4 /* Resources */,
			);
			buildRules = (
			);
			dependencies = (
			);
			name = "RxSwift-Demo";
			productName = "RxSwift-Demo";
			productReference = A47FDFD11DFEA838008406B4 /* RxSwift-Demo.app */;
			productType = "com.apple.product-type.application";
		};
/* End PBXNativeTarget section */

/* Begin PBXProject section */
		A47FDFC91DFEA838008406B4 /* Project object */ = {
			isa = PBXProject;
			attributes = {
				LastSwiftUpdateCheck = 0810;
				LastUpgradeCheck = 0810;
				ORGANIZATIONNAME = "Aynur Galiev";
				TargetAttributes = {
					A47FDFD01DFEA838008406B4 = {
						CreatedOnToolsVersion = 8.1;
						ProvisioningStyle = Automatic;
					};
				};
			};
			buildConfigurationList = A47FDFCC1DFEA838008406B4 /* Build configuration list for PBXProject "RxSwift-Demo" */;
			compatibilityVersion = "Xcode 3.2";
			developmentRegion = English;
			hasScannedForEncodings = 0;
			knownRegions = (
				en,
				Base,
			);
			mainGroup = A47FDFC81DFEA838008406B4;
			productRefGroup = A47FDFD21DFEA838008406B4 /* Products */;
			projectDirPath = "";
			projectRoot = "";
			targets = (
				A47FDFD01DFEA838008406B4 /* RxSwift-Demo */,
			);
		};
/* End PBXProject section */

/* Begin PBXResourcesBuildPhase section */
		A47FDFCF1DFEA838008406B4 /* Resources */ = {
			isa = PBXResourcesBuildPhase;
			buildActionMask = 2147483647;
			files = (
				A47FDFDF1DFEA838008406B4 /* LaunchScreen.storyboard in Resources */,
				A47FDFDC1DFEA838008406B4 /* Assets.xcassets in Resources */,
				A47FDFDA1DFEA838008406B4 /* Main.storyboard in Resources */,
			);
			runOnlyForDeploymentPostprocessing = 0;
		};
/* End PBXResourcesBuildPhase section */

/* Begin PBXSourcesBuildPhase section */
		A47FDFCD1DFEA838008406B4 /* Sources */ = {
			isa = PBXSourcesBuildPhase;
			buildActionMask = 2147483647;
			files = (
				A47FDFD71DFEA838008406B4 /* ViewController.swift in Sources */,
				A47FDFD51DFEA838008406B4 /* AppDelegate.swift in Sources */,
			);
			runOnlyForDeploymentPostprocessing = 0;
		};
/* End PBXSourcesBuildPhase section */

/* Begin PBXVariantGroup section */
		A47FDFD81DFEA838008406B4 /* Main.storyboard */ = {
			isa = PBXVariantGroup;
			children = (
				A47FDFD91DFEA838008406B4 /* Base */,
			);
			name = Main.storyboard;
			sourceTree = "<group>";
		};
		A47FDFDD1DFEA838008406B4 /* LaunchScreen.storyboard */ = {
			isa = PBXVariantGroup;
			children = (
				A47FDFDE1DFEA838008406B4 /* Base */,
			);
			name = LaunchScreen.storyboard;
			sourceTree = "<group>";
		};
/* End PBXVariantGroup section */

/* Begin XCBuildConfiguration section */
		A47FDFE11DFEA838008406B4 /* Debug */ = {
			isa = XCBuildConfiguration;
			buildSettings = {
				ALWAYS_SEARCH_USER_PATHS = NO;
				CLANG_ANALYZER_NONNULL = YES;
				CLANG_CXX_LANGUAGE_STANDARD = "gnu++0x";
				CLANG_CXX_LIBRARY = "libc++";
				CLANG_ENABLE_MODULES = YES;
				CLANG_ENABLE_OBJC_ARC = YES;
				CLANG_WARN_BOOL_CONVERSION = YES;
				CLANG_WARN_CONSTANT_CONVERSION = YES;
				CLANG_WARN_DIRECT_OBJC_ISA_USAGE = YES_ERROR;
				CLANG_WARN_DOCUMENTATION_COMMENTS = YES;
				CLANG_WARN_EMPTY_BODY = YES;
				CLANG_WARN_ENUM_CONVERSION = YES;
				CLANG_WARN_INFINITE_RECURSION = YES;
				CLANG_WARN_INT_CONVERSION = YES;
				CLANG_WARN_OBJC_ROOT_CLASS = YES_ERROR;
				CLANG_WARN_SUSPICIOUS_MOVES = YES;
				CLANG_WARN_UNREACHABLE_CODE = YES;
				CLANG_WARN__DUPLICATE_METHOD_MATCH = YES;
				"CODE_SIGN_IDENTITY[sdk=iphoneos*]" = "iPhone Developer";
				COPY_PHASE_STRIP = NO;
				DEBUG_INFORMATION_FORMAT = dwarf;
				ENABLE_STRICT_OBJC_MSGSEND = YES;
				ENABLE_TESTABILITY = YES;
				GCC_C_LANGUAGE_STANDARD = gnu99;
				GCC_DYNAMIC_NO_PIC = NO;
				GCC_NO_COMMON_BLOCKS = YES;
				GCC_OPTIMIZATION_LEVEL = 0;
				GCC_PREPROCESSOR_DEFINITIONS = (
					"DEBUG=1",
					"$(inherited)",
				);
				GCC_WARN_64_TO_32_BIT_CONVERSION = YES;
				GCC_WARN_ABOUT_RETURN_TYPE = YES_ERROR;
				GCC_WARN_UNDECLARED_SELECTOR = YES;
				GCC_WARN_UNINITIALIZED_AUTOS = YES_AGGRESSIVE;
				GCC_WARN_UNUSED_FUNCTION = YES;
				GCC_WARN_UNUSED_VARIABLE = YES;
				IPHONEOS_DEPLOYMENT_TARGET = 10.1;
				MTL_ENABLE_DEBUG_INFO = YES;
				ONLY_ACTIVE_ARCH = YES;
				SDKROOT = iphoneos;
				SWIFT_ACTIVE_COMPILATION_CONDITIONS = DEBUG;
				SWIFT_OPTIMIZATION_LEVEL = "-Onone";
				TARGETED_DEVICE_FAMILY = "1,2";
			};
			name = Debug;
		};
		A47FDFE21DFEA838008406B4 /* Release */ = {
			isa = XCBuildConfiguration;
			buildSettings = {
				ALWAYS_SEARCH_USER_PATHS = NO;
				CLANG_ANALYZER_NONNULL = YES;
				CLANG_CXX_LANGUAGE_STANDARD = "gnu++0x";
				CLANG_CXX_LIBRARY = "libc++";
				CLANG_ENABLE_MODULES = YES;
				CLANG_ENABLE_OBJC_ARC = YES;
				CLANG_WARN_BOOL_CONVERSION = YES;
				CLANG_WARN_CONSTANT_CONVERSION = YES;
				CLANG_WARN_DIRECT_OBJC_ISA_USAGE = YES_ERROR;
				CLANG_WARN_DOCUMENTATION_COMMENTS = YES;
				CLANG_WARN_EMPTY_BODY = YES;
				CLANG_WARN_ENUM_CONVERSION = YES;
				CLANG_WARN_INFINITE_RECURSION = YES;
				CLANG_WARN_INT_CONVERSION = YES;
				CLANG_WARN_OBJC_ROOT_CLASS = YES_ERROR;
				CLANG_WARN_SUSPICIOUS_MOVES = YES;
				CLANG_WARN_UNREACHABLE_CODE = YES;
				CLANG_WARN__DUPLICATE_METHOD_MATCH = YES;
				"CODE_SIGN_IDENTITY[sdk=iphoneos*]" = "iPhone Developer";
				COPY_PHASE_STRIP = NO;
				DEBUG_INFORMATION_FORMAT = "dwarf-with-dsym";
				ENABLE_NS_ASSERTIONS = NO;
				ENABLE_STRICT_OBJC_MSGSEND = YES;
				GCC_C_LANGUAGE_STANDARD = gnu99;
				GCC_NO_COMMON_BLOCKS = YES;
				GCC_WARN_64_TO_32_BIT_CONVERSION = YES;
				GCC_WARN_ABOUT_RETURN_TYPE = YES_ERROR;
				GCC_WARN_UNDECLARED_SELECTOR = YES;
				GCC_WARN_UNINITIALIZED_AUTOS = YES_AGGRESSIVE;
				GCC_WARN_UNUSED_FUNCTION = YES;
				GCC_WARN_UNUSED_VARIABLE = YES;
				IPHONEOS_DEPLOYMENT_TARGET = 10.1;
				MTL_ENABLE_DEBUG_INFO = NO;
				SDKROOT = iphoneos;
				SWIFT_OPTIMIZATION_LEVEL = "-Owholemodule";
				TARGETED_DEVICE_FAMILY = "1,2";
				VALIDATE_PRODUCT = YES;
			};
			name = Release;
		};
		A47FDFE41DFEA838008406B4 /* Debug */ = {
			isa = XCBuildConfiguration;
			buildSettings = {
				ASSETCATALOG_COMPILER_APPICON_NAME = AppIcon;
				INFOPLIST_FILE = "RxSwift-Demo/Info.plist";
				LD_RUNPATH_SEARCH_PATHS = "$(inherited) @executable_path/Frameworks";
				PRODUCT_BUNDLE_IDENTIFIER = "fs.RxSwift-Demo";
				PRODUCT_NAME = "$(TARGET_NAME)";
				SWIFT_VERSION = 3.0;
			};
			name = Debug;
		};
		A47FDFE51DFEA838008406B4 /* Release */ = {
			isa = XCBuildConfiguration;
			buildSettings = {
				ASSETCATALOG_COMPILER_APPICON_NAME = AppIcon;
				INFOPLIST_FILE = "RxSwift-Demo/Info.plist";
				LD_RUNPATH_SEARCH_PATHS = "$(inherited) @executable_path/Frameworks";
				PRODUCT_BUNDLE_IDENTIFIER = "fs.RxSwift-Demo";
				PRODUCT_NAME = "$(TARGET_NAME)";
				SWIFT_VERSION = 3.0;
			};
			name = Release;
		};
/* End XCBuildConfiguration section */

/* Begin XCConfigurationList section */
		A47FDFCC1DFEA838008406B4 /* Build configuration list for PBXProject "RxSwift-Demo" */ = {
			isa = XCConfigurationList;
			buildConfigurations = (
				A47FDFE11DFEA838008406B4 /* Debug */,
				A47FDFE21DFEA838008406B4 /* Release */,
			);
			defaultConfigurationIsVisible = 0;
			defaultConfigurationName = Release;
		};
		A47FDFE31DFEA838008406B4 /* Build configuration list for PBXNativeTarget "RxSwift-Demo" */ = {
			isa = XCConfigurationList;
			buildConfigurations = (
				A47FDFE41DFEA838008406B4 /* Debug */,
				A47FDFE51DFEA838008406B4 /* Release */,
			);
			defaultConfigurationIsVisible = 0;
		};
/* End XCConfigurationList section */
	};
	rootObject = A47FDFC91DFEA838008406B4 /* Project object */;
}
